
Microsoft Visual Studio Solution File, Format Version 12.00
# Visual Studio Version 17
VisualStudioVersion = 17.12.35527.113 d17.12
MinimumVisualStudioVersion = 10.0.40219.1
Project("{FAE04EC0-301F-11D3-BF4B-00C04F79EFBC}") = "InvoiceBackend.Domain", "InvoiceBackend.Domain\InvoiceBackend.Domain.csproj", "{ED3662AA-92E9-469F-A4C8-44539E7ED54B}"
EndProject
Project("{FAE04EC0-301F-11D3-BF4B-00C04F79EFBC}") = "InvoiceBackend.Application", "InvoiceBackend.Application\InvoiceBackend.Application.csproj", "{8A216C18-3581-44B4-82CC-0512B19C0040}"
EndProject
Project("{FAE04EC0-301F-11D3-BF4B-00C04F79EFBC}") = "InvoiceBackend.Persistence", "InvoiceBackend.Persistence\InvoiceBackend.Persistence.csproj", "{8F15446F-5219-4478-AA54-4E59FE8AFF73}"
EndProject
Project("{FAE04EC0-301F-11D3-BF4B-00C04F79EFBC}") = "InvoiceBackend.API", "InvoiceBackend.API\InvoiceBackend.API.csproj", "{B531B249-3FD3-4340-9C34-26BA9D103EBF}"
EndProject
Global
	GlobalSection(SolutionConfigurationPlatforms) = preSolution
		Debug|Any CPU = Debug|Any CPU
		Release|Any CPU = Release|Any CPU
	EndGlobalSection
	GlobalSection(ProjectConfigurationPlatforms) = postSolution
		{ED3662AA-92E9-469F-A4C8-44539E7ED54B}.Debug|Any CPU.ActiveCfg = Debug|Any CPU
		{ED3662AA-92E9-469F-A4C8-44539E7ED54B}.Debug|Any CPU.Build.0 = Debug|Any CPU
		{ED3662AA-92E9-469F-A4C8-44539E7ED54B}.Release|Any CPU.ActiveCfg = Release|Any CPU
		{ED3662AA-92E9-469F-A4C8-44539E7ED54B}.Release|Any CPU.Build.0 = Release|Any CPU
		{8A216C18-3581-44B4-82CC-0512B19C0040}.Debug|Any CPU.ActiveCfg = Debug|Any CPU
		{8A216C18-3581-44B4-82CC-0512B19C0040}.Debug|Any CPU.Build.0 = Debug|Any CPU
		{8A216C18-3581-44B4-82CC-0512B19C0040}.Release|Any CPU.ActiveCfg = Release|Any CPU
		{8A216C18-3581-44B4-82CC-0512B19C0040}.Release|Any CPU.Build.0 = Release|Any CPU
		{8F15446F-5219-4478-AA54-4E59FE8AFF73}.Debug|Any CPU.ActiveCfg = Debug|Any CPU
		{8F15446F-5219-4478-AA54-4E59FE8AFF73}.Debug|Any CPU.Build.0 = Debug|Any CPU
		{8F15446F-5219-4478-AA54-4E59FE8AFF73}.Release|Any CPU.ActiveCfg = Release|Any CPU
		{8F15446F-5219-4478-AA54-4E59FE8AFF73}.Release|Any CPU.Build.0 = Release|Any CPU
		{B531B249-3FD3-4340-9C34-26BA9D103EBF}.Debug|Any CPU.ActiveCfg = Debug|Any CPU
		{B531B249-3FD3-4340-9C34-26BA9D103EBF}.Debug|Any CPU.Build.0 = Debug|Any CPU
		{B531B249-3FD3-4340-9C34-26BA9D103EBF}.Release|Any CPU.ActiveCfg = Release|Any CPU
		{B531B249-3FD3-4340-9C34-26BA9D103EBF}.Release|Any CPU.Build.0 = Release|Any CPU
	EndGlobalSection
	GlobalSection(SolutionProperties) = preSolution
		HideSolutionNode = FALSE
	EndGlobalSection
EndGlobal
